schema: '2.0'
stages:
  data_ingestion:
    cmd: python src/cnnClassifier/pipeline/stage_01_data_ingestion.py
    deps:
    - path: config/config.yaml
      hash: md5
      md5: d96d1242f9fb77b546971e8383d6e3ef
      size: 563
    - path: src/cnnClassifier/pipeline/stage_01_data_ingestion.py
      hash: md5
      md5: 80bf4498f65a358cb425ddbbb2f8683a
      size: 880
    outs:
    - path: artifacts/data_ingestion/kidney-ct-scan
      hash: md5
      md5: ed10846bec265851d96c68a69bb5be5b.dir
      size: 119817500
      nfiles: 900
  prepare_base_model:
    cmd: python src/cnnClassifier/pipeline/stage_02_prepare_base_model.py
    deps:
    - path: config/config.yaml
      hash: md5
      md5: d96d1242f9fb77b546971e8383d6e3ef
      size: 563
    - path: src/cnnClassifier/pipeline/stage_02_prepare_base_model.py
      hash: md5
      md5: 5349f569126bbaba6b7f6d79bf86776e
      size: 969
    params:
      params.yaml:
        CLASSES: 2
        IMAGE_SIZE:
        - 224
        - 224
        - 3
        INCLUDE_TOP: false
        LEARNING_RATE: 0.02
        WEIGHTS: imagenet
    outs:
    - path: artifacts/prepare_base_model
      hash: md5
      md5: d2db7161b14f5d5801420c30efc437b8.dir
      size: 118054560
      nfiles: 2
  training:
    cmd: python src/cnnClassifier/pipeline/stage_03_model_training.py
    deps:
    - path: artifacts/data_ingestion/kidney-ct-scan
      hash: md5
      md5: ed10846bec265851d96c68a69bb5be5b.dir
      size: 119817500
      nfiles: 900
    - path: artifacts/prepare_base_model
      hash: md5
      md5: d2db7161b14f5d5801420c30efc437b8.dir
      size: 118054560
      nfiles: 2
    - path: config/config.yaml
      hash: md5
      md5: d96d1242f9fb77b546971e8383d6e3ef
      size: 563
    - path: src/cnnClassifier/pipeline/stage_03_model_training.py
      hash: md5
      md5: 96dd0aa82b6f95b10a68c22cacf2ff64
      size: 893
    params:
      params.yaml:
        AUGMENTATION: true
        BATCH_SIZE: 16
        EPOCHS: 2
        IMAGE_SIZE:
        - 224
        - 224
        - 3
    outs:
    - path: artifacts/training/model.h5
      hash: md5
      md5: 937723ebdb9f5eebcc0fe363c5914fe7
      size: 59337520
  evaluation:
    cmd: python src/cnnClassifier/pipeline/stage_04_model_evaluation.py
    deps:
    - path: artifacts/data_ingestion/kidney-ct-scan
      hash: md5
      md5: ed10846bec265851d96c68a69bb5be5b.dir
      size: 119817500
      nfiles: 900
    - path: artifacts/training/model.h5
      hash: md5
      md5: 937723ebdb9f5eebcc0fe363c5914fe7
      size: 59337520
    - path: config/config.yaml
      hash: md5
      md5: d96d1242f9fb77b546971e8383d6e3ef
      size: 563
    - path: src/cnnClassifier/pipeline/stage_04_model_evaluation.py
      hash: md5
      md5: 1f79c7d7badbd984d19c407197726dfb
      size: 903
    params:
      params.yaml:
        BATCH_SIZE: 16
        IMAGE_SIZE:
        - 224
        - 224
        - 3
    outs:
    - path: scores.json
      hash: md5
      md5: 60a72e70a8630f526a089d75babb60f0
      size: 68
